
Microsoft Visual Studio Solution File, Format Version 12.00
# Visual Studio 15
VisualStudioVersion = 15.0.26228.9
MinimumVisualStudioVersion = 10.0.40219.1
Project("{FAE04EC0-301F-11D3-BF4B-00C04F79EFBC}") = "Iwenli.Org", "Iwenli.org\Iwenli.Org.csproj", "{3463A862-3B15-49A7-8683-E708A918BEAB}"
EndProject
Project("{E24C65DC-7377-472B-9ABA-BC803B73C61A}") = "Iwenli.org.sitetest", "Iwenli.org.sitetest\", "{16779345-5690-4A86-ADDC-3D55BD41C080}"
	ProjectSection(WebsiteProperties) = preProject
		TargetFrameworkMoniker = ".NETFramework,Version%3Dv4.5"
		ProjectReferences = "{3463a862-3b15-49a7-8683-e708a918beab}|Iwenli.Org.dll;{8CC1DC47-F654-4FD6-B853-9B0184272D2B}|Iwenli.dll;"
		Debug.AspNetCompiler.VirtualPath = "/localhost_12117"
		Debug.AspNetCompiler.PhysicalPath = "Iwenli.org.sitetest\"
		Debug.AspNetCompiler.TargetPath = "PrecompiledWeb\localhost_12117\"
		Debug.AspNetCompiler.Updateable = "true"
		Debug.AspNetCompiler.ForceOverwrite = "true"
		Debug.AspNetCompiler.FixedNames = "false"
		Debug.AspNetCompiler.Debug = "True"
		Release.AspNetCompiler.VirtualPath = "/localhost_12117"
		Release.AspNetCompiler.PhysicalPath = "Iwenli.org.sitetest\"
		Release.AspNetCompiler.TargetPath = "PrecompiledWeb\localhost_12117\"
		Release.AspNetCompiler.Updateable = "true"
		Release.AspNetCompiler.ForceOverwrite = "true"
		Release.AspNetCompiler.FixedNames = "false"
		Release.AspNetCompiler.Debug = "False"
		VWDPort = "12117"
		SlnRelativePath = "Iwenli.org.sitetest\"
	EndProjectSection
EndProject
Project("{FAE04EC0-301F-11D3-BF4B-00C04F79EFBC}") = "Iwenli.Org.Passport", "Iwenli.Org.Passport\Iwenli.Org.Passport.csproj", "{9C52C7E4-2877-46A3-A6A6-B46B8EBBB7C5}"
EndProject
Project("{2150E333-8FDC-42A3-9474-1A3956D46DE8}") = "0.Iwenli.Core", "0.Iwenli.Core", "{D99AAEB5-D1FF-4ADD-8BDC-0E6010130DEC}"
EndProject
Project("{FAE04EC0-301F-11D3-BF4B-00C04F79EFBC}") = "Iwenli.Mobile", "Iwenli.Mobile\Iwenli.Mobile.csproj", "{9DE070E0-FFBF-40A1-932E-1822FBD6D92F}"
EndProject
Project("{FAE04EC0-301F-11D3-BF4B-00C04F79EFBC}") = "IwenliTests", "IwenliTests\IwenliTests.csproj", "{9653BF28-F021-4C98-BBF8-E9D920EB9F8F}"
EndProject
Project("{FAE04EC0-301F-11D3-BF4B-00C04F79EFBC}") = "Iwenli.CodeGenerate", "Iwenli.CodeGenerate\Iwenli.CodeGenerate.csproj", "{E8536404-5773-4511-8714-57E5B2DE32CE}"
EndProject
Project("{2150E333-8FDC-42A3-9474-1A3956D46DE8}") = "1.Iwenli.Org", "1.Iwenli.Org", "{061C498D-7349-45EE-8997-82BC9EBC0324}"
EndProject
Project("{2150E333-8FDC-42A3-9474-1A3956D46DE8}") = "2.Iwenli.Org.Passport", "2.Iwenli.Org.Passport", "{6E2DBEA9-AB81-471D-B89F-EC30467ABBEC}"
EndProject
Project("{E24C65DC-7377-472B-9ABA-BC803B73C61A}") = "Iwenli.Org.Passport.Site", "Iwenli.Org.Passport.Site\", "{587B3D39-6259-4879-AB3C-EE830C901F1A}"
	ProjectSection(WebsiteProperties) = preProject
		TargetFrameworkMoniker = ".NETFramework,Version%3Dv4.5.1"
		ProjectReferences = "{9c52c7e4-2877-46a3-a6a6-b46b8ebbb7c5}|Iwenli.Org.Passport.dll;{8CC1DC47-F654-4FD6-B853-9B0184272D2B}|Iwenli.dll;"
		Debug.AspNetCompiler.VirtualPath = "/localhost_61746"
		Debug.AspNetCompiler.PhysicalPath = "Iwenli.Org.Passport.Site\"
		Debug.AspNetCompiler.TargetPath = "PrecompiledWeb\localhost_61746\"
		Debug.AspNetCompiler.Updateable = "true"
		Debug.AspNetCompiler.ForceOverwrite = "true"
		Debug.AspNetCompiler.FixedNames = "false"
		Debug.AspNetCompiler.Debug = "True"
		Release.AspNetCompiler.VirtualPath = "/localhost_61746"
		Release.AspNetCompiler.PhysicalPath = "Iwenli.Org.Passport.Site\"
		Release.AspNetCompiler.TargetPath = "PrecompiledWeb\localhost_61746\"
		Release.AspNetCompiler.Updateable = "true"
		Release.AspNetCompiler.ForceOverwrite = "true"
		Release.AspNetCompiler.FixedNames = "false"
		Release.AspNetCompiler.Debug = "False"
		VWDPort = "61746"
		SlnRelativePath = "Iwenli.Org.Passport.Site\"
	EndProjectSection
EndProject
Project("{FAE04EC0-301F-11D3-BF4B-00C04F79EFBC}") = "Iwenli.Push", "Iwenli.Push\Iwenli.Push.csproj", "{41648B2B-979D-46EF-A962-CF51F00882FE}"
EndProject
Project("{FAE04EC0-301F-11D3-BF4B-00C04F79EFBC}") = "Iwenli", "Iwenli\Iwenli.csproj", "{8CC1DC47-F654-4FD6-B853-9B0184272D2B}"
EndProject
Project("{2150E333-8FDC-42A3-9474-1A3956D46DE8}") = "3.deploy", "3.deploy", "{6831F2FD-1F4E-48B6-A738-4D580A9EEA18}"
EndProject
Global
	GlobalSection(SolutionConfigurationPlatforms) = preSolution
		Debug|Any CPU = Debug|Any CPU
		Release|Any CPU = Release|Any CPU
	EndGlobalSection
	GlobalSection(ProjectConfigurationPlatforms) = postSolution
		{3463A862-3B15-49A7-8683-E708A918BEAB}.Debug|Any CPU.ActiveCfg = Debug|Any CPU
		{3463A862-3B15-49A7-8683-E708A918BEAB}.Debug|Any CPU.Build.0 = Debug|Any CPU
		{3463A862-3B15-49A7-8683-E708A918BEAB}.Release|Any CPU.ActiveCfg = Release|Any CPU
		{3463A862-3B15-49A7-8683-E708A918BEAB}.Release|Any CPU.Build.0 = Release|Any CPU
		{16779345-5690-4A86-ADDC-3D55BD41C080}.Debug|Any CPU.ActiveCfg = Debug|Any CPU
		{16779345-5690-4A86-ADDC-3D55BD41C080}.Debug|Any CPU.Build.0 = Debug|Any CPU
		{16779345-5690-4A86-ADDC-3D55BD41C080}.Release|Any CPU.ActiveCfg = Debug|Any CPU
		{16779345-5690-4A86-ADDC-3D55BD41C080}.Release|Any CPU.Build.0 = Debug|Any CPU
		{9C52C7E4-2877-46A3-A6A6-B46B8EBBB7C5}.Debug|Any CPU.ActiveCfg = Debug|Any CPU
		{9C52C7E4-2877-46A3-A6A6-B46B8EBBB7C5}.Debug|Any CPU.Build.0 = Debug|Any CPU
		{9C52C7E4-2877-46A3-A6A6-B46B8EBBB7C5}.Release|Any CPU.ActiveCfg = Release|Any CPU
		{9C52C7E4-2877-46A3-A6A6-B46B8EBBB7C5}.Release|Any CPU.Build.0 = Release|Any CPU
		{9DE070E0-FFBF-40A1-932E-1822FBD6D92F}.Debug|Any CPU.ActiveCfg = Debug|Any CPU
		{9DE070E0-FFBF-40A1-932E-1822FBD6D92F}.Debug|Any CPU.Build.0 = Debug|Any CPU
		{9DE070E0-FFBF-40A1-932E-1822FBD6D92F}.Release|Any CPU.ActiveCfg = Release|Any CPU
		{9DE070E0-FFBF-40A1-932E-1822FBD6D92F}.Release|Any CPU.Build.0 = Release|Any CPU
		{9653BF28-F021-4C98-BBF8-E9D920EB9F8F}.Debug|Any CPU.ActiveCfg = Debug|Any CPU
		{9653BF28-F021-4C98-BBF8-E9D920EB9F8F}.Debug|Any CPU.Build.0 = Debug|Any CPU
		{9653BF28-F021-4C98-BBF8-E9D920EB9F8F}.Release|Any CPU.ActiveCfg = Release|Any CPU
		{9653BF28-F021-4C98-BBF8-E9D920EB9F8F}.Release|Any CPU.Build.0 = Release|Any CPU
		{E8536404-5773-4511-8714-57E5B2DE32CE}.Debug|Any CPU.ActiveCfg = Debug|Any CPU
		{E8536404-5773-4511-8714-57E5B2DE32CE}.Debug|Any CPU.Build.0 = Debug|Any CPU
		{E8536404-5773-4511-8714-57E5B2DE32CE}.Release|Any CPU.ActiveCfg = Release|Any CPU
		{E8536404-5773-4511-8714-57E5B2DE32CE}.Release|Any CPU.Build.0 = Release|Any CPU
		{587B3D39-6259-4879-AB3C-EE830C901F1A}.Debug|Any CPU.ActiveCfg = Debug|Any CPU
		{587B3D39-6259-4879-AB3C-EE830C901F1A}.Debug|Any CPU.Build.0 = Debug|Any CPU
		{587B3D39-6259-4879-AB3C-EE830C901F1A}.Release|Any CPU.ActiveCfg = Debug|Any CPU
		{587B3D39-6259-4879-AB3C-EE830C901F1A}.Release|Any CPU.Build.0 = Debug|Any CPU
		{41648B2B-979D-46EF-A962-CF51F00882FE}.Debug|Any CPU.ActiveCfg = Debug|Any CPU
		{41648B2B-979D-46EF-A962-CF51F00882FE}.Debug|Any CPU.Build.0 = Debug|Any CPU
		{41648B2B-979D-46EF-A962-CF51F00882FE}.Release|Any CPU.ActiveCfg = Release|Any CPU
		{41648B2B-979D-46EF-A962-CF51F00882FE}.Release|Any CPU.Build.0 = Release|Any CPU
		{8CC1DC47-F654-4FD6-B853-9B0184272D2B}.Debug|Any CPU.ActiveCfg = Debug|Any CPU
		{8CC1DC47-F654-4FD6-B853-9B0184272D2B}.Debug|Any CPU.Build.0 = Debug|Any CPU
		{8CC1DC47-F654-4FD6-B853-9B0184272D2B}.Release|Any CPU.ActiveCfg = Release|Any CPU
		{8CC1DC47-F654-4FD6-B853-9B0184272D2B}.Release|Any CPU.Build.0 = Release|Any CPU
	EndGlobalSection
	GlobalSection(SolutionProperties) = preSolution
		HideSolutionNode = FALSE
	EndGlobalSection
	GlobalSection(NestedProjects) = preSolution
		{3463A862-3B15-49A7-8683-E708A918BEAB} = {061C498D-7349-45EE-8997-82BC9EBC0324}
		{16779345-5690-4A86-ADDC-3D55BD41C080} = {061C498D-7349-45EE-8997-82BC9EBC0324}
		{9C52C7E4-2877-46A3-A6A6-B46B8EBBB7C5} = {6E2DBEA9-AB81-471D-B89F-EC30467ABBEC}
		{9DE070E0-FFBF-40A1-932E-1822FBD6D92F} = {D99AAEB5-D1FF-4ADD-8BDC-0E6010130DEC}
		{9653BF28-F021-4C98-BBF8-E9D920EB9F8F} = {D99AAEB5-D1FF-4ADD-8BDC-0E6010130DEC}
		{E8536404-5773-4511-8714-57E5B2DE32CE} = {D99AAEB5-D1FF-4ADD-8BDC-0E6010130DEC}
		{587B3D39-6259-4879-AB3C-EE830C901F1A} = {6E2DBEA9-AB81-471D-B89F-EC30467ABBEC}
		{41648B2B-979D-46EF-A962-CF51F00882FE} = {D99AAEB5-D1FF-4ADD-8BDC-0E6010130DEC}
		{8CC1DC47-F654-4FD6-B853-9B0184272D2B} = {D99AAEB5-D1FF-4ADD-8BDC-0E6010130DEC}
	EndGlobalSection
	GlobalSection(ExtensibilityGlobals) = postSolution
		SolutionGuid = {1F78F9BB-FACC-45EE-9ECD-71AEEFC878DD}
	EndGlobalSection
EndGlobal
